
Microsoft Visual Studio Solution File, Format Version 12.00
# Visual Studio Version 16
VisualStudioVersion = 16.0.30621.155
MinimumVisualStudioVersion = 10.0.40219.1
Project("{FAE04EC0-301F-11D3-BF4B-00C04F79EFBC}") = "GestionEmploye", "GestionEmploye.csproj", "{55EAAF95-97E3-4182-B84F-6E3BD6A2ED28}"
EndProject
Global
	GlobalSection(SolutionConfigurationPlatforms) = preSolution
		Debug|Any CPU = Debug|Any CPU
		Release|Any CPU = Release|Any CPU
	EndGlobalSection
	GlobalSection(ProjectConfigurationPlatforms) = postSolution
		{55EAAF95-97E3-4182-B84F-6E3BD6A2ED28}.Debug|Any CPU.ActiveCfg = Debug|Any CPU
		{55EAAF95-97E3-4182-B84F-6E3BD6A2ED28}.Debug|Any CPU.Build.0 = Debug|Any CPU
		{55EAAF95-97E3-4182-B84F-6E3BD6A2ED28}.Release|Any CPU.ActiveCfg = Release|Any CPU
		{55EAAF95-97E3-4182-B84F-6E3BD6A2ED28}.Release|Any CPU.Build.0 = Release|Any CPU
	EndGlobalSection
	GlobalSection(SolutionProperties) = preSolution
		HideSolutionNode = FALSE
	EndGlobalSection
	GlobalSection(ExtensibilityGlobals) = postSolution
		SolutionGuid = {FC9A240D-0087-4F79-BF7A-2B132D90D859}
	EndGlobalSection
EndGlobal
